{
  "name": "futzz",
  "version": "1.0.0",
  "lockfileVersion": 1,
  "requires": true,
  "dependencies": {
    "big-associative": {
      "version": "0.0.1",
      "resolved": "https://registry.npmjs.org/big-associative/-/big-associative-0.0.1.tgz",
      "integrity": "sha512-t5wId+noQnfV1lu/xBL0lQDrtUufRCOkUUgq26QrINQGwqWPzem9G39olSKihxbung3yhQeDlyE8o2c/0GJWoQ=="
    },
    "esm": {
      "version": "3.2.25",
      "resolved": "https://registry.npmjs.org/esm/-/esm-3.2.25.tgz",
      "integrity": "sha512-U1suiZ2oDVWv4zPO56S0NcR5QriEahGtdN2OR6FiOG4WJvcjBVFB0qI4+eKoWFH483PKGuLuu6V8Z4T5g63UVA=="
    }
  }
}
